
Microsoft Visual Studio Solution File, Format Version 12.00
# Visual Studio Version 17
VisualStudioVersion = 17.14.36310.24 d17.14
MinimumVisualStudioVersion = 10.0.40219.1
Project("{FAE04EC0-301F-11D3-BF4B-00C04F79EFBC}") = "MvcLibrary", "MvcLibrary\MvcLibrary.csproj", "{72AD6F45-DA96-49B6-B013-9D81BAE537DF}"
EndProject
Global
	GlobalSection(SolutionConfigurationPlatforms) = preSolution
		Debug|Any CPU = Debug|Any CPU
		Release|Any CPU = Release|Any CPU
	EndGlobalSection
	GlobalSection(ProjectConfigurationPlatforms) = postSolution
		{72AD6F45-DA96-49B6-B013-9D81BAE537DF}.Debug|Any CPU.ActiveCfg = Debug|Any CPU
		{72AD6F45-DA96-49B6-B013-9D81BAE537DF}.Debug|Any CPU.Build.0 = Debug|Any CPU
		{72AD6F45-DA96-49B6-B013-9D81BAE537DF}.Release|Any CPU.ActiveCfg = Release|Any CPU
		{72AD6F45-DA96-49B6-B013-9D81BAE537DF}.Release|Any CPU.Build.0 = Release|Any CPU
	EndGlobalSection
	GlobalSection(SolutionProperties) = preSolution
		HideSolutionNode = FALSE
	EndGlobalSection
	GlobalSection(ExtensibilityGlobals) = postSolution
		SolutionGuid = {B7B0C07F-E6AE-44F0-B635-7C9EEFB38615}
	EndGlobalSection
EndGlobal
